
Microsoft Visual Studio Solution File, Format Version 12.00
# Visual Studio Version 17
VisualStudioVersion = 17.9.34723.18
MinimumVisualStudioVersion = 10.0.40219.1
Project("{9A19103F-16F7-4668-BE54-9A1E7A4F7556}") = "Exo01-Console-Variable", "Exo01-Console-Variable\Exo01-Console-Variable.csproj", "{1462AEE1-450E-4428-BD34-A72A70385C86}"
EndProject
Project("{9A19103F-16F7-4668-BE54-9A1E7A4F7556}") = "Exo02-Parse", "Exo02-Parse\Exo02-Parse.csproj", "{E31CB1BB-D4CD-4D0E-8E93-5B916AAB38B2}"
EndProject
Project("{9A19103F-16F7-4668-BE54-9A1E7A4F7556}") = "Exo03-TryParse", "Exo03-TryParse\Exo03-TryParse.csproj", "{F1369E24-3066-4E1E-9C89-582071617738}"
EndProject
Project("{9A19103F-16F7-4668-BE54-9A1E7A4F7556}") = "ExoSup1.1-ConversionTemps", "ExoSup1.1-ConversionTemps\ExoSup1.1-ConversionTemps.csproj", "{078C7F21-743D-401D-9F2E-CB8A013F52C8}"
EndProject
Project("{9A19103F-16F7-4668-BE54-9A1E7A4F7556}") = "ExoSup2.2-AnneeBissextile", "ExoSup2.2-AnneeBissextile\ExoSup2.2-AnneeBissextile.csproj", "{EB180660-561B-4FD3-BB82-BF98D12FC5FD}"
EndProject
Project("{9A19103F-16F7-4668-BE54-9A1E7A4F7556}") = "ExoSup2.5-Calculatrice", "ExoSup2.5-Calculatrice\ExoSup2.5-Calculatrice.csproj", "{9E64860C-86A2-4E37-A0AF-D244120C10CB}"
EndProject
Project("{9A19103F-16F7-4668-BE54-9A1E7A4F7556}") = "Exo04-NombrePairImpair", "Exo4-NombrePairImpair\Exo04-NombrePairImpair.csproj", "{0BE4F281-657B-4AEE-A2FA-28300B38F7A6}"
EndProject
Project("{FAE04EC0-301F-11D3-BF4B-00C04F79EFBC}") = "Exo05-Division", "Exo05-Division\Exo05-Division.csproj", "{8974A648-3067-46F5-9B52-198F202E76CA}"
EndProject
Project("{FAE04EC0-301F-11D3-BF4B-00C04F79EFBC}") = "Exo06-BBAN", "Exo06-BBAN\Exo06-BBAN.csproj", "{837DDC23-72BB-4047-8DBA-D77046FEC960}"
EndProject
Global
	GlobalSection(SolutionConfigurationPlatforms) = preSolution
		Debug|Any CPU = Debug|Any CPU
		Release|Any CPU = Release|Any CPU
	EndGlobalSection
	GlobalSection(ProjectConfigurationPlatforms) = postSolution
		{1462AEE1-450E-4428-BD34-A72A70385C86}.Debug|Any CPU.ActiveCfg = Debug|Any CPU
		{1462AEE1-450E-4428-BD34-A72A70385C86}.Debug|Any CPU.Build.0 = Debug|Any CPU
		{1462AEE1-450E-4428-BD34-A72A70385C86}.Release|Any CPU.ActiveCfg = Release|Any CPU
		{1462AEE1-450E-4428-BD34-A72A70385C86}.Release|Any CPU.Build.0 = Release|Any CPU
		{E31CB1BB-D4CD-4D0E-8E93-5B916AAB38B2}.Debug|Any CPU.ActiveCfg = Debug|Any CPU
		{E31CB1BB-D4CD-4D0E-8E93-5B916AAB38B2}.Debug|Any CPU.Build.0 = Debug|Any CPU
		{E31CB1BB-D4CD-4D0E-8E93-5B916AAB38B2}.Release|Any CPU.ActiveCfg = Release|Any CPU
		{E31CB1BB-D4CD-4D0E-8E93-5B916AAB38B2}.Release|Any CPU.Build.0 = Release|Any CPU
		{F1369E24-3066-4E1E-9C89-582071617738}.Debug|Any CPU.ActiveCfg = Debug|Any CPU
		{F1369E24-3066-4E1E-9C89-582071617738}.Debug|Any CPU.Build.0 = Debug|Any CPU
		{F1369E24-3066-4E1E-9C89-582071617738}.Release|Any CPU.ActiveCfg = Release|Any CPU
		{F1369E24-3066-4E1E-9C89-582071617738}.Release|Any CPU.Build.0 = Release|Any CPU
		{078C7F21-743D-401D-9F2E-CB8A013F52C8}.Debug|Any CPU.ActiveCfg = Debug|Any CPU
		{078C7F21-743D-401D-9F2E-CB8A013F52C8}.Debug|Any CPU.Build.0 = Debug|Any CPU
		{078C7F21-743D-401D-9F2E-CB8A013F52C8}.Release|Any CPU.ActiveCfg = Release|Any CPU
		{078C7F21-743D-401D-9F2E-CB8A013F52C8}.Release|Any CPU.Build.0 = Release|Any CPU
		{EB180660-561B-4FD3-BB82-BF98D12FC5FD}.Debug|Any CPU.ActiveCfg = Debug|Any CPU
		{EB180660-561B-4FD3-BB82-BF98D12FC5FD}.Debug|Any CPU.Build.0 = Debug|Any CPU
		{EB180660-561B-4FD3-BB82-BF98D12FC5FD}.Release|Any CPU.ActiveCfg = Release|Any CPU
		{EB180660-561B-4FD3-BB82-BF98D12FC5FD}.Release|Any CPU.Build.0 = Release|Any CPU
		{9E64860C-86A2-4E37-A0AF-D244120C10CB}.Debug|Any CPU.ActiveCfg = Debug|Any CPU
		{9E64860C-86A2-4E37-A0AF-D244120C10CB}.Debug|Any CPU.Build.0 = Debug|Any CPU
		{9E64860C-86A2-4E37-A0AF-D244120C10CB}.Release|Any CPU.ActiveCfg = Release|Any CPU
		{9E64860C-86A2-4E37-A0AF-D244120C10CB}.Release|Any CPU.Build.0 = Release|Any CPU
		{0BE4F281-657B-4AEE-A2FA-28300B38F7A6}.Debug|Any CPU.ActiveCfg = Debug|Any CPU
		{0BE4F281-657B-4AEE-A2FA-28300B38F7A6}.Debug|Any CPU.Build.0 = Debug|Any CPU
		{0BE4F281-657B-4AEE-A2FA-28300B38F7A6}.Release|Any CPU.ActiveCfg = Release|Any CPU
		{0BE4F281-657B-4AEE-A2FA-28300B38F7A6}.Release|Any CPU.Build.0 = Release|Any CPU
		{8974A648-3067-46F5-9B52-198F202E76CA}.Debug|Any CPU.ActiveCfg = Debug|Any CPU
		{8974A648-3067-46F5-9B52-198F202E76CA}.Debug|Any CPU.Build.0 = Debug|Any CPU
		{8974A648-3067-46F5-9B52-198F202E76CA}.Release|Any CPU.ActiveCfg = Release|Any CPU
		{8974A648-3067-46F5-9B52-198F202E76CA}.Release|Any CPU.Build.0 = Release|Any CPU
		{837DDC23-72BB-4047-8DBA-D77046FEC960}.Debug|Any CPU.ActiveCfg = Debug|Any CPU
		{837DDC23-72BB-4047-8DBA-D77046FEC960}.Debug|Any CPU.Build.0 = Debug|Any CPU
		{837DDC23-72BB-4047-8DBA-D77046FEC960}.Release|Any CPU.ActiveCfg = Release|Any CPU
		{837DDC23-72BB-4047-8DBA-D77046FEC960}.Release|Any CPU.Build.0 = Release|Any CPU
	EndGlobalSection
	GlobalSection(SolutionProperties) = preSolution
		HideSolutionNode = FALSE
	EndGlobalSection
	GlobalSection(ExtensibilityGlobals) = postSolution
		SolutionGuid = {E8511449-5A23-4068-B39A-4AF8E845BBDC}
	EndGlobalSection
EndGlobal
